
Microsoft Visual Studio Solution File, Format Version 12.00
Project("{FAE04EC0-301F-11D3-BF4B-00C04F79EFBC}") = "webform-vue", "webform-vue\webform-vue.csproj", "{3A85850D-2BEC-4F6F-9DE8-FB15C3700229}"
EndProject
Global
	GlobalSection(SolutionConfigurationPlatforms) = preSolution
		Debug|Any CPU = Debug|Any CPU
		Release|Any CPU = Release|Any CPU
	EndGlobalSection
	GlobalSection(ProjectConfigurationPlatforms) = postSolution
		{3A85850D-2BEC-4F6F-9DE8-FB15C3700229}.Debug|Any CPU.ActiveCfg = Debug|Any CPU
		{3A85850D-2BEC-4F6F-9DE8-FB15C3700229}.Debug|Any CPU.Build.0 = Debug|Any CPU
		{3A85850D-2BEC-4F6F-9DE8-FB15C3700229}.Release|Any CPU.ActiveCfg = Release|Any CPU
		{3A85850D-2BEC-4F6F-9DE8-FB15C3700229}.Release|Any CPU.Build.0 = Release|Any CPU
	EndGlobalSection
EndGlobal
